
Microsoft Visual Studio Solution File, Format Version 12.00
# Visual Studio Version 16
VisualStudioVersion = 16.0.32413.511
MinimumVisualStudioVersion = 10.0.40219.1
Project("{FAE04EC0-301F-11D3-BF4B-00C04F79EFBC}") = "TwitchmasterBot", "TwitchmasterBot\TwitchmasterBot.csproj", "{CCC36033-DBFB-4C74-AFDF-D4A9884225AC}"
EndProject
Global
	GlobalSection(SolutionConfigurationPlatforms) = preSolution
		Debug|Any CPU = Debug|Any CPU
		Release|Any CPU = Release|Any CPU
	EndGlobalSection
	GlobalSection(ProjectConfigurationPlatforms) = postSolution
		{CCC36033-DBFB-4C74-AFDF-D4A9884225AC}.Debug|Any CPU.ActiveCfg = Debug|Any CPU
		{CCC36033-DBFB-4C74-AFDF-D4A9884225AC}.Debug|Any CPU.Build.0 = Debug|Any CPU
		{CCC36033-DBFB-4C74-AFDF-D4A9884225AC}.Release|Any CPU.ActiveCfg = Release|Any CPU
		{CCC36033-DBFB-4C74-AFDF-D4A9884225AC}.Release|Any CPU.Build.0 = Release|Any CPU
	EndGlobalSection
	GlobalSection(SolutionProperties) = preSolution
		HideSolutionNode = FALSE
	EndGlobalSection
	GlobalSection(ExtensibilityGlobals) = postSolution
		SolutionGuid = {1345BD8D-C449-4BD8-B726-B7FBB9B53FF6}
	EndGlobalSection
EndGlobal
